{
  "name": "replay-labs",
  "version": "0.1.3",
  "lockfileVersion": 3,
  "requires": true,
  "packages": {
    "": {
      "name": "replay-labs",
      "version": "0.1.3",
      "license": "MIT",
      "bin": {
        "replay": "src/cli.js",
        "replay-labs": "src/cli.js"
      },
      "engines": {
        "node": ">=20"
      }
    }
  }
}
